
Microsoft Visual Studio Solution File, Format Version 12.00
# Visual Studio Version 17
VisualStudioVersion = 17.6.33829.357
MinimumVisualStudioVersion = 10.0.40219.1
Project("{FAE04EC0-301F-11D3-BF4B-00C04F79EFBC}") = "My Calculator V4", "My Calculator V4.csproj", "{8182DCC9-18AA-4897-BE10-683D8C4931AA}"
EndProject
Global
	GlobalSection(SolutionConfigurationPlatforms) = preSolution
		Debug|Any CPU = Debug|Any CPU
		Release|Any CPU = Release|Any CPU
	EndGlobalSection
	GlobalSection(ProjectConfigurationPlatforms) = postSolution
		{8182DCC9-18AA-4897-BE10-683D8C4931AA}.Debug|Any CPU.ActiveCfg = Debug|Any CPU
		{8182DCC9-18AA-4897-BE10-683D8C4931AA}.Debug|Any CPU.Build.0 = Debug|Any CPU
		{8182DCC9-18AA-4897-BE10-683D8C4931AA}.Release|Any CPU.ActiveCfg = Release|Any CPU
		{8182DCC9-18AA-4897-BE10-683D8C4931AA}.Release|Any CPU.Build.0 = Release|Any CPU
	EndGlobalSection
	GlobalSection(SolutionProperties) = preSolution
		HideSolutionNode = FALSE
	EndGlobalSection
	GlobalSection(ExtensibilityGlobals) = postSolution
		SolutionGuid = {81DBB808-03F0-45AC-9324-E8A853901280}
	EndGlobalSection
EndGlobal
